
Microsoft Visual Studio Solution File, Format Version 12.00
Project("{FAE04EC0-301F-11D3-BF4B-00C04F79EFBC}") = "VerticalSliceApi", "src\VerticalSliceTemplate\VerticalSliceApi.csproj", "{44F7DD07-EAFB-4DDF-A607-3203C76F516B}"
EndProject
Project("{FAE04EC0-301F-11D3-BF4B-00C04F79EFBC}") = "VerticalSliceApi.Migrations", "src\VerticalSliceApi.Migrations\VerticalSliceApi.Migrations.csproj", "{376E72C4-73E8-44EC-AA9C-B3CB8DF0D705}"
EndProject
Project("{2150E333-8FDC-42A3-9474-1A3956D46DE8}") = "SolutionItems", "SolutionItems", "{32BDC72F-9597-4EC1-819F-1102BE72352F}"
	ProjectSection(SolutionItems) = preProject
		.editorconfig = .editorconfig
		.gitignore = .gitignore
		.gitlab-ci.yml = .gitlab-ci.yml
		Directory.Build.props = Directory.Build.props
		docker-compose.yml = docker-compose.yml
		dockerfile = dockerfile
		nuget.config = nuget.config
		README.md = README.md
		stylecop.json = stylecop.json
	EndProjectSection
EndProject
Global
	GlobalSection(SolutionConfigurationPlatforms) = preSolution
		Debug|Any CPU = Debug|Any CPU
		Release|Any CPU = Release|Any CPU
	EndGlobalSection
	GlobalSection(ProjectConfigurationPlatforms) = postSolution
		{44F7DD07-EAFB-4DDF-A607-3203C76F516B}.Debug|Any CPU.ActiveCfg = Debug|Any CPU
		{44F7DD07-EAFB-4DDF-A607-3203C76F516B}.Debug|Any CPU.Build.0 = Debug|Any CPU
		{44F7DD07-EAFB-4DDF-A607-3203C76F516B}.Release|Any CPU.ActiveCfg = Release|Any CPU
		{44F7DD07-EAFB-4DDF-A607-3203C76F516B}.Release|Any CPU.Build.0 = Release|Any CPU
		{376E72C4-73E8-44EC-AA9C-B3CB8DF0D705}.Debug|Any CPU.ActiveCfg = Debug|Any CPU
		{376E72C4-73E8-44EC-AA9C-B3CB8DF0D705}.Debug|Any CPU.Build.0 = Debug|Any CPU
		{376E72C4-73E8-44EC-AA9C-B3CB8DF0D705}.Release|Any CPU.ActiveCfg = Release|Any CPU
		{376E72C4-73E8-44EC-AA9C-B3CB8DF0D705}.Release|Any CPU.Build.0 = Release|Any CPU
	EndGlobalSection
EndGlobal
